
Microsoft Visual Studio Solution File, Format Version 12.00
# Visual Studio Version 17
VisualStudioVersion = 17.11.35219.272
MinimumVisualStudioVersion = 10.0.40219.1
Project("{FAE04EC0-301F-11D3-BF4B-00C04F79EFBC}") = "ProjektLavor", "ProjektLavor\ProjektLavor.csproj", "{FC82E573-E87D-4F7C-9671-C859F7C69B1F}"
EndProject
Global
	GlobalSection(SolutionConfigurationPlatforms) = preSolution
		Debug|Any CPU = Debug|Any CPU
		Release|Any CPU = Release|Any CPU
	EndGlobalSection
	GlobalSection(ProjectConfigurationPlatforms) = postSolution
		{FC82E573-E87D-4F7C-9671-C859F7C69B1F}.Debug|Any CPU.ActiveCfg = Debug|Any CPU
		{FC82E573-E87D-4F7C-9671-C859F7C69B1F}.Debug|Any CPU.Build.0 = Debug|Any CPU
		{FC82E573-E87D-4F7C-9671-C859F7C69B1F}.Release|Any CPU.ActiveCfg = Release|Any CPU
		{FC82E573-E87D-4F7C-9671-C859F7C69B1F}.Release|Any CPU.Build.0 = Release|Any CPU
	EndGlobalSection
	GlobalSection(SolutionProperties) = preSolution
		HideSolutionNode = FALSE
	EndGlobalSection
	GlobalSection(ExtensibilityGlobals) = postSolution
		SolutionGuid = {3F6DF816-E2E4-4BFE-A941-364D20D7D9CC}
	EndGlobalSection
EndGlobal
